// !$*UTF8*$!
{
	archiveVersion = 1;
	classes = {
	};
	objectVersion = 50;
	objects = {

/* Begin PBXBuildFile section */
		743FBB6C2178F0B000343A16 /* AppDelegate.swift in Sources */ = {isa = PBXBuildFile; fileRef = 743FBB6B2178F0B000343A16 /* AppDelegate.swift */; };
		743FBB6E2178F0B000343A16 /* ViewController.swift in Sources */ = {isa = PBXBuildFile; fileRef = 743FBB6D2178F0B000343A16 /* ViewController.swift */; };
		743FBB712178F0B000343A16 /* Main.storyboard in Resources */ = {isa = PBXBuildFile; fileRef = 743FBB6F2178F0B000343A16 /* Main.storyboard */; };
		743FBB732178F0B100343A16 /* Assets.xcassets in Resources */ = {isa = PBXBuildFile; fileRef = 743FBB722178F0B100343A16 /* Assets.xcassets */; };
		743FBB762178F0B100343A16 /* LaunchScreen.storyboard in Resources */ = {isa = PBXBuildFile; fileRef = 743FBB742178F0B100343A16 /* LaunchScreen.storyboard */; };
		743FBB7E2178F3C900343A16 /* start.txt in Resources */ = {isa = PBXBuildFile; fileRef = 743FBB7D2178F3C900343A16 /* start.txt */; };
/* End PBXBuildFile section */

/* Begin PBXFileReference section */
		743FBB682178F0AF00343A16 /* Project 5.app */ = {isa = PBXFileReference; explicitFileType = wrapper.application; includeInIndex = 0; path = "Project 5.app"; sourceTree = BUILT_PRODUCTS_DIR; };
		743FBB6B2178F0B000343A16 /* AppDelegate.swift */ = {isa = PBXFileReference; lastKnownFileType = sourcecode.swift; path = AppDelegate.swift; sourceTree = "<group>"; };
		743FBB6D2178F0B000343A16 /* ViewController.swift */ = {isa = PBXFileReference; lastKnownFileType = sourcecode.swift; path = ViewController.swift; sourceTree = "<group>"; };
		743FBB702178F0B000343A16 /* Base */ = {isa = PBXFileReference; lastKnownFileType = file.storyboard; name = Base; path = Base.lproj/Main.storyboard; sourceTree = "<group>"; };
		743FBB722178F0B100343A16 /* Assets.xcassets */ = {isa = PBXFileReference; lastKnownFileType = folder.assetcatalog; path = Assets.xcassets; sourceTree = "<group>"; };
		743FBB752178F0B100343A16 /* Base */ = {isa = PBXFileReference; lastKnownFileType = file.storyboard; name = Base; path = Base.lproj/LaunchScreen.storyboard; sourceTree = "<group>"; };
		743FBB772178F0B100343A16 /* Info.plist */ = {isa = PBXFileReference; lastKnownFileType = text.plist.xml; path = Info.plist; sourceTree = "<group>"; };
		743FBB7D2178F3C900343A16 /* start.txt */ = {isa = PBXFileReference; fileEncoding = 4; lastKnownFileType = text; path = start.txt; sourceTree = "<group>"; };
/* End PBXFileReference section */

/* Begin PBXFrameworksBuildPhase section */
		743FBB652178F0AF00343A16 /* Frameworks */ = {
			isa = PBXFrameworksBuildPhase;
			buildActionMask = 2147483647;
			files = (
			);
			runOnlyForDeploymentPostprocessing = 0;
		};
/* End PBXFrameworksBuildPhase section */

/* Begin PBXGroup section */
		743FBB5F2178F0AF00343A16 = {
			isa = PBXGroup;
			children = (
				743FBB6A2178F0AF00343A16 /* Project 5 */,
				743FBB692178F0AF00343A16 /* Products */,
			);
			sourceTree = "<group>";
		};
		743FBB692178F0AF00343A16 /* Products */ = {
			isa = PBXGroup;
			children = (
				743FBB682178F0AF00343A16 /* Project 5.app */,
			);
			name = Products;
			sourceTree = "<group>";
		};
		743FBB6A2178F0AF00343A16 /* Project 5 */ = {
			isa = PBXGroup;
			children = (
				743FBB7D2178F3C900343A16 /* start.txt */,
				743FBB6B2178F0B000343A16 /* AppDelegate.swift */,
				743FBB6D2178F0B000343A16 /* ViewController.swift */,
				743FBB6F2178F0B000343A16 /* Main.storyboard */,
				743FBB722178F0B100343A16 /* Assets.xcassets */,
				743FBB742178F0B100343A16 /* LaunchScreen.storyboard */,
				743FBB772178F0B100343A16 /* Info.plist */,
			);
			path = "Project 5";
			sourceTree = "<group>";
		};
/* End PBXGroup section */

/* Begin PBXNativeTarget section */
		743FBB672178F0AF00343A16 /* Project 5 */ = {
			isa = PBXNativeTarget;
			buildConfigurationList = 743FBB7A2178F0B100343A16 /* Build configuration list for PBXNativeTarget "Project 5" */;
			buildPhases = (
				743FBB642178F0AF00343A16 /* Sources */,
				743FBB652178F0AF00343A16 /* Frameworks */,
				743FBB662178F0AF00343A16 /* Resources */,
			);
			buildRules = (
			);
			dependencies = (
			);
			name = "Project 5";
			productName = "Project 5";
			productReference = 743FBB682178F0AF00343A16 /* Project 5.app */;
			productType = "com.apple.product-type.application";
		};
/* End PBXNativeTarget section */

/* Begin PBXProject section */
		743FBB602178F0AF00343A16 /* Project object */ = {
			isa = PBXProject;
			attributes = {
				LastSwiftUpdateCheck = 0930;
				LastUpgradeCheck = 0930;
				ORGANIZATIONNAME = "Jakov Juric";
				TargetAttributes = {
					743FBB672178F0AF00343A16 = {
						CreatedOnToolsVersion = 9.3;
					};
				};
			};
			buildConfigurationList = 743FBB632178F0AF00343A16 /* Build configuration list for PBXProject "Project 5" */;
			compatibilityVersion = "Xcode 9.3";
			developmentRegion = en;
			hasScannedForEncodings = 0;
			knownRegions = (
				en,
				Base,
			);
			mainGroup = 743FBB5F2178F0AF00343A16;
			productRefGroup = 743FBB692178F0AF00343A16 /* Products */;
			projectDirPath = "";
			projectRoot = "";
			targets = (
				743FBB672178F0AF00343A16 /* Project 5 */,
			);
		};
/* End PBXProject section */

/* Begin PBXResourcesBuildPhase section */
		743FBB662178F0AF00343A16 /* Resources */ = {
			isa = PBXResourcesBuildPhase;
			buildActionMask = 2147483647;
			files = (
				743FBB762178F0B100343A16 /* LaunchScreen.storyboard in Resources */,
				743FBB7E2178F3C900343A16 /* start.txt in Resources */,
				743FBB732178F0B100343A16 /* Assets.xcassets in Resources */,
				743FBB712178F0B000343A16 /* Main.storyboard in Resources */,
			);
			runOnlyForDeploymentPostprocessing = 0;
		};
/* End PBXResourcesBuildPhase section */

/* Begin PBXSourcesBuildPhase section */
		743FBB642178F0AF00343A16 /* Sources */ = {
			isa = PBXSourcesBuildPhase;
			buildActionMask = 2147483647;
			files = (
				743FBB6E2178F0B000343A16 /* ViewController.swift in Sources */,
				743FBB6C2178F0B000343A16 /* AppDelegate.swift in Sources */,
			);
			runOnlyForDeploymentPostprocessing = 0;
		};
/* End PBXSourcesBuildPhase section */

/* Begin PBXVariantGroup section */
		743FBB6F2178F0B000343A16 /* Main.storyboard */ = {
			isa = PBXVariantGroup;
			children = (
				743FBB702178F0B000343A16 /* Base */,
			);
			name = Main.storyboard;
			sourceTree = "<group>";
		};
		743FBB742178F0B100343A16 /* LaunchScreen.storyboard */ = {
			isa = PBXVariantGroup;
			children = (
				743FBB752178F0B100343A16 /* Base */,
			);
			name = LaunchScreen.storyboard;
			sourceTree = "<group>";
		};
/* End PBXVariantGroup section */

/* Begin XCBuildConfiguration section */
		743FBB782178F0B100343A16 /* Debug */ = {
			isa = XCBuildConfiguration;
			buildSettings = {
				ALWAYS_SEARCH_USER_PATHS = NO;
				CLANG_ANALYZER_NONNULL = YES;
				CLANG_ANALYZER_NUMBER_OBJECT_CONVERSION = YES_AGGRESSIVE;
				CLANG_CXX_LANGUAGE_STANDARD = "gnu++14";
				CLANG_CXX_LIBRARY = "libc++";
				CLANG_ENABLE_MODULES = YES;
				CLANG_ENABLE_OBJC_ARC = YES;
				CLANG_ENABLE_OBJC_WEAK = YES;
				CLANG_WARN_BLOCK_CAPTURE_AUTORELEASING = YES;
				CLANG_WARN_BOOL_CONVERSION = YES;
				CLANG_WARN_COMMA = YES;
				CLANG_WARN_CONSTANT_CONVERSION = YES;
				CLANG_WARN_DEPRECATED_OBJC_IMPLEMENTATIONS = YES;
				CLANG_WARN_DIRECT_OBJC_ISA_USAGE = YES_ERROR;
				CLANG_WARN_DOCUMENTATION_COMMENTS = YES;
				CLANG_WARN_EMPTY_BODY = YES;
				CLANG_WARN_ENUM_CONVERSION = YES;
				CLANG_WARN_INFINITE_RECURSION = YES;
				CLANG_WARN_INT_CONVERSION = YES;
				CLANG_WARN_NON_LITERAL_NULL_CONVERSION = YES;
				CLANG_WARN_OBJC_IMPLICIT_RETAIN_SELF = YES;
				CLANG_WARN_OBJC_LITERAL_CONVERSION = YES;
				CLANG_WARN_OBJC_ROOT_CLASS = YES_ERROR;
				CLANG_WARN_RANGE_LOOP_ANALYSIS = YES;
				CLANG_WARN_STRICT_PROTOTYPES = YES;
				CLANG_WARN_SUSPICIOUS_MOVE = YES;
				CLANG_WARN_UNGUARDED_AVAILABILITY = YES_AGGRESSIVE;
				CLANG_WARN_UNREACHABLE_CODE = YES;
				CLANG_WARN__DUPLICATE_METHOD_MATCH = YES;
				CODE_SIGN_IDENTITY = "iPhone Developer";
				COPY_PHASE_STRIP = NO;
				DEBUG_INFORMATION_FORMAT = dwarf;
				ENABLE_STRICT_OBJC_MSGSEND = YES;
				ENABLE_TESTABILITY = YES;
				GCC_C_LANGUAGE_STANDARD = gnu11;
				GCC_DYNAMIC_NO_PIC = NO;
				GCC_NO_COMMON_BLOCKS = YES;
				GCC_OPTIMIZATION_LEVEL = 0;
				GCC_PREPROCESSOR_DEFINITIONS = (
					"DEBUG=1",
					"$(inherited)",
				);
				GCC_WARN_64_TO_32_BIT_CONVERSION = YES;
				GCC_WARN_ABOUT_RETURN_TYPE = YES_ERROR;
				GCC_WARN_UNDECLARED_SELECTOR = YES;
				GCC_WARN_UNINITIALIZED_AUTOS = YES_AGGRESSIVE;
				GCC_WARN_UNUSED_FUNCTION = YES;
				GCC_WARN_UNUSED_VARIABLE = YES;
				IPHONEOS_DEPLOYMENT_TARGET = 11.3;
				MTL_ENABLE_DEBUG_INFO = YES;
				ONLY_ACTIVE_ARCH = YES;
				SDKROOT = iphoneos;
				SWIFT_ACTIVE_COMPILATION_CONDITIONS = DEBUG;
				SWIFT_OPTIMIZATION_LEVEL = "-Onone";
			};
			name = Debug;
		};
		743FBB792178F0B100343A16 /* Release */ = {
			isa = XCBuildConfiguration;
			buildSettings = {
				ALWAYS_SEARCH_USER_PATHS = NO;
				CLANG_ANALYZER_NONNULL = YES;
				CLANG_ANALYZER_NUMBER_OBJECT_CONVERSION = YES_AGGRESSIVE;
				CLANG_CXX_LANGUAGE_STANDARD = "gnu++14";
				CLANG_CXX_LIBRARY = "libc++";
				CLANG_ENABLE_MODULES = YES;
				CLANG_ENABLE_OBJC_ARC = YES;
				CLANG_ENABLE_OBJC_WEAK = YES;
				CLANG_WARN_BLOCK_CAPTURE_AUTORELEASING = YES;
				CLANG_WARN_BOOL_CONVERSION = YES;
				CLANG_WARN_COMMA = YES;
				CLANG_WARN_CONSTANT_CONVERSION = YES;
				CLANG_WARN_DEPRECATED_OBJC_IMPLEMENTATIONS = YES;
				CLANG_WARN_DIRECT_OBJC_ISA_USAGE = YES_ERROR;
				CLANG_WARN_DOCUMENTATION_COMMENTS = YES;
				CLANG_WARN_EMPTY_BODY = YES;
				CLANG_WARN_ENUM_CONVERSION = YES;
				CLANG_WARN_INFINITE_RECURSION = YES;
				CLANG_WARN_INT_CONVERSION = YES;
				CLANG_WARN_NON_LITERAL_NULL_CONVERSION = YES;
				CLANG_WARN_OBJC_IMPLICIT_RETAIN_SELF = YES;
				CLANG_WARN_OBJC_LITERAL_CONVERSION = YES;
				CLANG_WARN_OBJC_ROOT_CLASS = YES_ERROR;
				CLANG_WARN_RANGE_LOOP_ANALYSIS = YES;
				CLANG_WARN_STRICT_PROTOTYPES = YES;
				CLANG_WARN_SUSPICIOUS_MOVE = YES;
				CLANG_WARN_UNGUARDED_AVAILABILITY = YES_AGGRESSIVE;
				CLANG_WARN_UNREACHABLE_CODE = YES;
				CLANG_WARN__DUPLICATE_METHOD_MATCH = YES;
				CODE_SIGN_IDENTITY = "iPhone Developer";
				COPY_PHASE_STRIP = NO;
				DEBUG_INFORMATION_FORMAT = "dwarf-with-dsym";
				ENABLE_NS_ASSERTIONS = NO;
				ENABLE_STRICT_OBJC_MSGSEND = YES;
				GCC_C_LANGUAGE_STANDARD = gnu11;
				GCC_NO_COMMON_BLOCKS = YES;
				GCC_WARN_64_TO_32_BIT_CONVERSION = YES;
				GCC_WARN_ABOUT_RETURN_TYPE = YES_ERROR;
				GCC_WARN_UNDECLARED_SELECTOR = YES;
				GCC_WARN_UNINITIALIZED_AUTOS = YES_AGGRESSIVE;
				GCC_WARN_UNUSED_FUNCTION = YES;
				GCC_WARN_UNUSED_VARIABLE = YES;
				IPHONEOS_DEPLOYMENT_TARGET = 11.3;
				MTL_ENABLE_DEBUG_INFO = NO;
				SDKROOT = iphoneos;
				SWIFT_COMPILATION_MODE = wholemodule;
				SWIFT_OPTIMIZATION_LEVEL = "-O";
				VALIDATE_PRODUCT = YES;
			};
			name = Release;
		};
		743FBB7B2178F0B100343A16 /* Debug */ = {
			isa = XCBuildConfiguration;
			buildSettings = {
				ASSETCATALOG_COMPILER_APPICON_NAME = AppIcon;
				CODE_SIGN_STYLE = Automatic;
				INFOPLIST_FILE = "Project 5/Info.plist";
				LD_RUNPATH_SEARCH_PATHS = (
					"$(inherited)",
					"@executable_path/Frameworks",
				);
				PRODUCT_BUNDLE_IDENTIFIER = "com.jakovjuric.Project-5";
				PRODUCT_NAME = "$(TARGET_NAME)";
				SWIFT_VERSION = 4.0;
				TARGETED_DEVICE_FAMILY = "1,2";
			};
			name = Debug;
		};
		743FBB7C2178F0B100343A16 /* Release */ = {
			isa = XCBuildConfiguration;
			buildSettings = {
				ASSETCATALOG_COMPILER_APPICON_NAME = AppIcon;
				CODE_SIGN_STYLE = Automatic;
				INFOPLIST_FILE = "Project 5/Info.plist";
				LD_RUNPATH_SEARCH_PATHS = (
					"$(inherited)",
					"@executable_path/Frameworks",
				);
				PRODUCT_BUNDLE_IDENTIFIER = "com.jakovjuric.Project-5";
				PRODUCT_NAME = "$(TARGET_NAME)";
				SWIFT_VERSION = 4.0;
				TARGETED_DEVICE_FAMILY = "1,2";
			};
			name = Release;
		};
/* End XCBuildConfiguration section */

/* Begin XCConfigurationList section */
		743FBB632178F0AF00343A16 /* Build configuration list for PBXProject "Project 5" */ = {
			isa = XCConfigurationList;
			buildConfigurations = (
				743FBB782178F0B100343A16 /* Debug */,
				743FBB792178F0B100343A16 /* Release */,
			);
			defaultConfigurationIsVisible = 0;
			defaultConfigurationName = Release;
		};
		743FBB7A2178F0B100343A16 /* Build configuration list for PBXNativeTarget "Project 5" */ = {
			isa = XCConfigurationList;
			buildConfigurations = (
				743FBB7B2178F0B100343A16 /* Debug */,
				743FBB7C2178F0B100343A16 /* Release */,
			);
			defaultConfigurationIsVisible = 0;
			defaultConfigurationName = Release;
		};
/* End XCConfigurationList section */
	};
	rootObject = 743FBB602178F0AF00343A16 /* Project object */;
}
